
Microsoft Visual Studio Solution File, Format Version 12.00
# Visual Studio Version 17
VisualStudioVersion = 17.12.35527.113
MinimumVisualStudioVersion = 10.0.40219.1
Project("{FAE04EC0-301F-11D3-BF4B-00C04F79EFBC}") = "WeatherAccuracyMonitorBackend", "WeatherAccuracyMonitorBackend\WeatherAccuracyMonitorBackend.csproj", "{EB5B62D9-238B-4BD6-A7CE-3B34C983351B}"
EndProject
Project("{FAE04EC0-301F-11D3-BF4B-00C04F79EFBC}") = "WeatherAcurracyMonitorETL", "WeatherAcurracyMonitorETL\WeatherAcurracyMonitorETL.csproj", "{02AD5ED8-F16A-47E4-B3B5-CF4A4D877C62}"
EndProject
Project("{FAE04EC0-301F-11D3-BF4B-00C04F79EFBC}") = "WeatherAccuracyMonitorLib", "WeatherAccuracyMonitorLib\WeatherAccuracyMonitorLib.csproj", "{8564326D-8EDC-47C6-AC18-5BF1A08D421A}"
EndProject
Global
	GlobalSection(SolutionConfigurationPlatforms) = preSolution
		Debug|Any CPU = Debug|Any CPU
		Release|Any CPU = Release|Any CPU
	EndGlobalSection
	GlobalSection(ProjectConfigurationPlatforms) = postSolution
		{EB5B62D9-238B-4BD6-A7CE-3B34C983351B}.Debug|Any CPU.ActiveCfg = Debug|Any CPU
		{EB5B62D9-238B-4BD6-A7CE-3B34C983351B}.Debug|Any CPU.Build.0 = Debug|Any CPU
		{EB5B62D9-238B-4BD6-A7CE-3B34C983351B}.Release|Any CPU.ActiveCfg = Release|Any CPU
		{EB5B62D9-238B-4BD6-A7CE-3B34C983351B}.Release|Any CPU.Build.0 = Release|Any CPU
		{02AD5ED8-F16A-47E4-B3B5-CF4A4D877C62}.Debug|Any CPU.ActiveCfg = Debug|Any CPU
		{02AD5ED8-F16A-47E4-B3B5-CF4A4D877C62}.Debug|Any CPU.Build.0 = Debug|Any CPU
		{02AD5ED8-F16A-47E4-B3B5-CF4A4D877C62}.Release|Any CPU.ActiveCfg = Release|Any CPU
		{02AD5ED8-F16A-47E4-B3B5-CF4A4D877C62}.Release|Any CPU.Build.0 = Release|Any CPU
		{8564326D-8EDC-47C6-AC18-5BF1A08D421A}.Debug|Any CPU.ActiveCfg = Debug|Any CPU
		{8564326D-8EDC-47C6-AC18-5BF1A08D421A}.Debug|Any CPU.Build.0 = Debug|Any CPU
		{8564326D-8EDC-47C6-AC18-5BF1A08D421A}.Release|Any CPU.ActiveCfg = Release|Any CPU
		{8564326D-8EDC-47C6-AC18-5BF1A08D421A}.Release|Any CPU.Build.0 = Release|Any CPU
	EndGlobalSection
	GlobalSection(SolutionProperties) = preSolution
		HideSolutionNode = FALSE
	EndGlobalSection
EndGlobal
