
Microsoft Visual Studio Solution File, Format Version 12.00
# Visual Studio Version 18
VisualStudioVersion = 18.1.11304.174
MinimumVisualStudioVersion = 10.0.40219.1
Project("{FAE04EC0-301F-11D3-BF4B-00C04F79EFBC}") = "WeatherAccuracyMonitor.Domain", "src\WeatherAccuracyMonitor.Domain\WeatherAccuracyMonitor.Domain.csproj", "{47750CC5-3A4B-4023-AC66-BC0AD24335A6}"
EndProject
Project("{FAE04EC0-301F-11D3-BF4B-00C04F79EFBC}") = "WeatherAccuracyMonitor.Providers", "src\WeatherAccuracyMonitor.Providers\WeatherAccuracyMonitor.Providers.csproj", "{59E3D7EC-6DAA-4134-B69A-480DE35F051F}"
EndProject
Project("{FAE04EC0-301F-11D3-BF4B-00C04F79EFBC}") = "WeatherAccuracyMonitor.Application", "src\WeatherAccuracyMonitor.Application\WeatherAccuracyMonitor.Application.csproj", "{3EC27458-19AD-4655-80FA-46EF072DB5DE}"
EndProject
Project("{FAE04EC0-301F-11D3-BF4B-00C04F79EFBC}") = "WeatherAccuracyMonitor.Data", "src\WeatherAccuracyMonitor.Data\WeatherAccuracyMonitor.Data.csproj", "{A79C5DD1-2CAC-4948-8CB0-31AA29996A1C}"
EndProject
Project("{FAE04EC0-301F-11D3-BF4B-00C04F79EFBC}") = "WeatherAccuracyMonitor.Crosscutting", "src\WeatherAccuracyMonitor.Crosscutting\WeatherAccuracyMonitor.Crosscutting.csproj", "{7656FF92-4A24-4000-A7B3-8E893A76AEEF}"
EndProject
Project("{FAE04EC0-301F-11D3-BF4B-00C04F79EFBC}") = "WeatherForecastServiceBase.API.BFF", "src\WeatherForecastServiceBase.API.BFF\WeatherForecastServiceBase.API.BFF.csproj", "{BA9C0F56-5DFE-4C5B-8B4D-7A83F9EF3C5C}"
EndProject
Project("{2150E333-8FDC-42A3-9474-1A3956D46DE8}") = "Functions", "Functions", "{4EA6B450-284E-4CD1-872E-BB36545E9F23}"
EndProject
Project("{2150E333-8FDC-42A3-9474-1A3956D46DE8}") = "ForecastETL", "ForecastETL", "{8A9102BF-AF3D-470C-90CB-CDFE7ED6F9D0}"
EndProject
Project("{FAE04EC0-301F-11D3-BF4B-00C04F79EFBC}") = "HelloWorld.Tests", "src\WeatherAccuracyMonitor.Functions.ForecastETL\test\HelloWorld.Test\HelloWorld.Tests.csproj", "{0825AC7A-F321-E1A6-C0E0-1E8B9AF1B50D}"
EndProject
Project("{FAE04EC0-301F-11D3-BF4B-00C04F79EFBC}") = "HelloWorld", "src\WeatherAccuracyMonitor.Functions.ForecastETL\src\HelloWorld\HelloWorld.csproj", "{727E5256-DF4B-0889-1200-C903BB9BC418}"
EndProject
Project("{FAE04EC0-301F-11D3-BF4B-00C04F79EFBC}") = "ForecastETLTester", "src\WeatherAccuracyMonitor.Functions.ForecastETL\ForecastETLTester\ForecastETLTester.csproj", "{F50D8413-BDF5-492A-A6DE-E64C6435514F}"
EndProject
Project("{2150E333-8FDC-42A3-9474-1A3956D46DE8}") = "Solution Items", "Solution Items", "{105493B2-87C7-42A1-A707-4564FC132B1B}"
	ProjectSection(SolutionItems) = preProject
		.gitignore = .gitignore
		README.md = README.md
	EndProjectSection
EndProject
Project("{FAE04EC0-301F-11D3-BF4B-00C04F79EFBC}") = "WeatherAccuracyMonitor.Infra", "src\WeatherAccuracyMonitor.Infra\WeatherAccuracyMonitor.Infra.csproj", "{5111507A-3C30-4D23-8DAE-7BEDD2D426BF}"
EndProject
Global
	GlobalSection(SolutionConfigurationPlatforms) = preSolution
		Debug|Any CPU = Debug|Any CPU
		Release|Any CPU = Release|Any CPU
	EndGlobalSection
	GlobalSection(ProjectConfigurationPlatforms) = postSolution
		{47750CC5-3A4B-4023-AC66-BC0AD24335A6}.Debug|Any CPU.ActiveCfg = Debug|Any CPU
		{47750CC5-3A4B-4023-AC66-BC0AD24335A6}.Debug|Any CPU.Build.0 = Debug|Any CPU
		{47750CC5-3A4B-4023-AC66-BC0AD24335A6}.Release|Any CPU.ActiveCfg = Release|Any CPU
		{47750CC5-3A4B-4023-AC66-BC0AD24335A6}.Release|Any CPU.Build.0 = Release|Any CPU
		{59E3D7EC-6DAA-4134-B69A-480DE35F051F}.Debug|Any CPU.ActiveCfg = Debug|Any CPU
		{59E3D7EC-6DAA-4134-B69A-480DE35F051F}.Debug|Any CPU.Build.0 = Debug|Any CPU
		{59E3D7EC-6DAA-4134-B69A-480DE35F051F}.Release|Any CPU.ActiveCfg = Release|Any CPU
		{59E3D7EC-6DAA-4134-B69A-480DE35F051F}.Release|Any CPU.Build.0 = Release|Any CPU
		{3EC27458-19AD-4655-80FA-46EF072DB5DE}.Debug|Any CPU.ActiveCfg = Debug|Any CPU
		{3EC27458-19AD-4655-80FA-46EF072DB5DE}.Debug|Any CPU.Build.0 = Debug|Any CPU
		{3EC27458-19AD-4655-80FA-46EF072DB5DE}.Release|Any CPU.ActiveCfg = Release|Any CPU
		{3EC27458-19AD-4655-80FA-46EF072DB5DE}.Release|Any CPU.Build.0 = Release|Any CPU
		{A79C5DD1-2CAC-4948-8CB0-31AA29996A1C}.Debug|Any CPU.ActiveCfg = Debug|Any CPU
		{A79C5DD1-2CAC-4948-8CB0-31AA29996A1C}.Debug|Any CPU.Build.0 = Debug|Any CPU
		{A79C5DD1-2CAC-4948-8CB0-31AA29996A1C}.Release|Any CPU.ActiveCfg = Release|Any CPU
		{A79C5DD1-2CAC-4948-8CB0-31AA29996A1C}.Release|Any CPU.Build.0 = Release|Any CPU
		{7656FF92-4A24-4000-A7B3-8E893A76AEEF}.Debug|Any CPU.ActiveCfg = Debug|Any CPU
		{7656FF92-4A24-4000-A7B3-8E893A76AEEF}.Debug|Any CPU.Build.0 = Debug|Any CPU
		{7656FF92-4A24-4000-A7B3-8E893A76AEEF}.Release|Any CPU.ActiveCfg = Release|Any CPU
		{7656FF92-4A24-4000-A7B3-8E893A76AEEF}.Release|Any CPU.Build.0 = Release|Any CPU
		{BA9C0F56-5DFE-4C5B-8B4D-7A83F9EF3C5C}.Debug|Any CPU.ActiveCfg = Debug|Any CPU
		{BA9C0F56-5DFE-4C5B-8B4D-7A83F9EF3C5C}.Debug|Any CPU.Build.0 = Debug|Any CPU
		{BA9C0F56-5DFE-4C5B-8B4D-7A83F9EF3C5C}.Release|Any CPU.ActiveCfg = Release|Any CPU
		{BA9C0F56-5DFE-4C5B-8B4D-7A83F9EF3C5C}.Release|Any CPU.Build.0 = Release|Any CPU
		{0825AC7A-F321-E1A6-C0E0-1E8B9AF1B50D}.Debug|Any CPU.ActiveCfg = Debug|Any CPU
		{0825AC7A-F321-E1A6-C0E0-1E8B9AF1B50D}.Debug|Any CPU.Build.0 = Debug|Any CPU
		{0825AC7A-F321-E1A6-C0E0-1E8B9AF1B50D}.Release|Any CPU.ActiveCfg = Release|Any CPU
		{0825AC7A-F321-E1A6-C0E0-1E8B9AF1B50D}.Release|Any CPU.Build.0 = Release|Any CPU
		{727E5256-DF4B-0889-1200-C903BB9BC418}.Debug|Any CPU.ActiveCfg = Debug|Any CPU
		{727E5256-DF4B-0889-1200-C903BB9BC418}.Debug|Any CPU.Build.0 = Debug|Any CPU
		{727E5256-DF4B-0889-1200-C903BB9BC418}.Release|Any CPU.ActiveCfg = Release|Any CPU
		{727E5256-DF4B-0889-1200-C903BB9BC418}.Release|Any CPU.Build.0 = Release|Any CPU
		{F50D8413-BDF5-492A-A6DE-E64C6435514F}.Debug|Any CPU.ActiveCfg = Debug|Any CPU
		{F50D8413-BDF5-492A-A6DE-E64C6435514F}.Debug|Any CPU.Build.0 = Debug|Any CPU
		{F50D8413-BDF5-492A-A6DE-E64C6435514F}.Release|Any CPU.ActiveCfg = Release|Any CPU
		{F50D8413-BDF5-492A-A6DE-E64C6435514F}.Release|Any CPU.Build.0 = Release|Any CPU
		{5111507A-3C30-4D23-8DAE-7BEDD2D426BF}.Debug|Any CPU.ActiveCfg = Debug|Any CPU
		{5111507A-3C30-4D23-8DAE-7BEDD2D426BF}.Debug|Any CPU.Build.0 = Debug|Any CPU
		{5111507A-3C30-4D23-8DAE-7BEDD2D426BF}.Release|Any CPU.ActiveCfg = Release|Any CPU
		{5111507A-3C30-4D23-8DAE-7BEDD2D426BF}.Release|Any CPU.Build.0 = Release|Any CPU
	EndGlobalSection
	GlobalSection(SolutionProperties) = preSolution
		HideSolutionNode = FALSE
	EndGlobalSection
	GlobalSection(NestedProjects) = preSolution
		{8A9102BF-AF3D-470C-90CB-CDFE7ED6F9D0} = {4EA6B450-284E-4CD1-872E-BB36545E9F23}
		{0825AC7A-F321-E1A6-C0E0-1E8B9AF1B50D} = {8A9102BF-AF3D-470C-90CB-CDFE7ED6F9D0}
		{727E5256-DF4B-0889-1200-C903BB9BC418} = {8A9102BF-AF3D-470C-90CB-CDFE7ED6F9D0}
		{F50D8413-BDF5-492A-A6DE-E64C6435514F} = {8A9102BF-AF3D-470C-90CB-CDFE7ED6F9D0}
	EndGlobalSection
	GlobalSection(ExtensibilityGlobals) = postSolution
		SolutionGuid = {D3CB9F4F-C00D-4415-A1E1-62EB25511E1A}
	EndGlobalSection
EndGlobal
